
Microsoft Visual Studio Solution File, Format Version 12.00
# Visual Studio Version 16
VisualStudioVersion = 16.0.29123.88
MinimumVisualStudioVersion = 10.0.40219.1
Project("{FAE04EC0-301F-11D3-BF4B-00C04F79EFBC}") = "SMPAPI", "SMPAPI\SMPAPI.csproj", "{9E277812-8B24-4C1A-85F2-AF41FA5D0142}"
EndProject
Project("{FAE04EC0-301F-11D3-BF4B-00C04F79EFBC}") = "Data", "Data\Data.csproj", "{1AADD9C7-956E-4060-B0CC-E0AC44E5CED1}"
EndProject
Project("{FAE04EC0-301F-11D3-BF4B-00C04F79EFBC}") = "Common", "Common\Common.csproj", "{FB2EA15C-0C8F-45D1-B002-56455BA0E73B}"
EndProject
Global
	GlobalSection(SolutionConfigurationPlatforms) = preSolution
		Debug|Any CPU = Debug|Any CPU
		Release|Any CPU = Release|Any CPU
	EndGlobalSection
	GlobalSection(ProjectConfigurationPlatforms) = postSolution
		{9E277812-8B24-4C1A-85F2-AF41FA5D0142}.Debug|Any CPU.ActiveCfg = Debug|Any CPU
		{9E277812-8B24-4C1A-85F2-AF41FA5D0142}.Debug|Any CPU.Build.0 = Debug|Any CPU
		{9E277812-8B24-4C1A-85F2-AF41FA5D0142}.Release|Any CPU.ActiveCfg = Release|Any CPU
		{9E277812-8B24-4C1A-85F2-AF41FA5D0142}.Release|Any CPU.Build.0 = Release|Any CPU
		{1AADD9C7-956E-4060-B0CC-E0AC44E5CED1}.Debug|Any CPU.ActiveCfg = Debug|Any CPU
		{1AADD9C7-956E-4060-B0CC-E0AC44E5CED1}.Debug|Any CPU.Build.0 = Debug|Any CPU
		{1AADD9C7-956E-4060-B0CC-E0AC44E5CED1}.Release|Any CPU.ActiveCfg = Release|Any CPU
		{1AADD9C7-956E-4060-B0CC-E0AC44E5CED1}.Release|Any CPU.Build.0 = Release|Any CPU
		{FB2EA15C-0C8F-45D1-B002-56455BA0E73B}.Debug|Any CPU.ActiveCfg = Debug|Any CPU
		{FB2EA15C-0C8F-45D1-B002-56455BA0E73B}.Debug|Any CPU.Build.0 = Debug|Any CPU
		{FB2EA15C-0C8F-45D1-B002-56455BA0E73B}.Release|Any CPU.ActiveCfg = Release|Any CPU
		{FB2EA15C-0C8F-45D1-B002-56455BA0E73B}.Release|Any CPU.Build.0 = Release|Any CPU
	EndGlobalSection
	GlobalSection(SolutionProperties) = preSolution
		HideSolutionNode = FALSE
	EndGlobalSection
	GlobalSection(ExtensibilityGlobals) = postSolution
		SolutionGuid = {34CEED84-A33C-416A-9046-5B0762958FE9}
	EndGlobalSection
EndGlobal
